
Microsoft Visual Studio Solution File, Format Version 11.00
# Visual Studio 2010
Project("{FAE04EC0-301F-11D3-BF4B-00C04F79EFBC}") = "C_Sharp_Form_On_Numara_Oyunu", "C_Sharp_Form_On_Numara_Oyunu\C_Sharp_Form_On_Numara_Oyunu.csproj", "{2D021703-0511-429E-90E8-FAB67D535BC2}"
EndProject
Global
	GlobalSection(SolutionConfigurationPlatforms) = preSolution
		Debug|Any CPU = Debug|Any CPU
		Release|Any CPU = Release|Any CPU
	EndGlobalSection
	GlobalSection(ProjectConfigurationPlatforms) = postSolution
		{2D021703-0511-429E-90E8-FAB67D535BC2}.Debug|Any CPU.ActiveCfg = Debug|Any CPU
		{2D021703-0511-429E-90E8-FAB67D535BC2}.Debug|Any CPU.Build.0 = Debug|Any CPU
		{2D021703-0511-429E-90E8-FAB67D535BC2}.Release|Any CPU.ActiveCfg = Release|Any CPU
		{2D021703-0511-429E-90E8-FAB67D535BC2}.Release|Any CPU.Build.0 = Release|Any CPU
	EndGlobalSection
	GlobalSection(SolutionProperties) = preSolution
		HideSolutionNode = FALSE
	EndGlobalSection
EndGlobal
